
Microsoft Visual Studio Solution File, Format Version 12.00
# Visual Studio Version 17
VisualStudioVersion = 17.3.32825.248
MinimumVisualStudioVersion = 10.0.40219.1
Project("{9A19103F-16F7-4668-BE54-9A1E7A4F7556}") = "HC_OffsetPagn", "HC_OffsetPagn.csproj", "{0DC35AE6-625A-40EF-AD6D-4159EF8BB351}"
EndProject
Global
	GlobalSection(SolutionConfigurationPlatforms) = preSolution
		Debug|Any CPU = Debug|Any CPU
		Release|Any CPU = Release|Any CPU
	EndGlobalSection
	GlobalSection(ProjectConfigurationPlatforms) = postSolution
		{0DC35AE6-625A-40EF-AD6D-4159EF8BB351}.Debug|Any CPU.ActiveCfg = Debug|Any CPU
		{0DC35AE6-625A-40EF-AD6D-4159EF8BB351}.Debug|Any CPU.Build.0 = Debug|Any CPU
		{0DC35AE6-625A-40EF-AD6D-4159EF8BB351}.Release|Any CPU.ActiveCfg = Release|Any CPU
		{0DC35AE6-625A-40EF-AD6D-4159EF8BB351}.Release|Any CPU.Build.0 = Release|Any CPU
	EndGlobalSection
	GlobalSection(SolutionProperties) = preSolution
		HideSolutionNode = FALSE
	EndGlobalSection
	GlobalSection(ExtensibilityGlobals) = postSolution
		SolutionGuid = {D2B3A60F-D238-4B2E-BCE1-1B0E73069D0A}
	EndGlobalSection
EndGlobal
